
Microsoft Visual Studio Solution File, Format Version 12.00
# Visual Studio 15
VisualStudioVersion = 15.0.27004.2010
MinimumVisualStudioVersion = 10.0.40219.1
Project("{FAE04EC0-301F-11D3-BF4B-00C04F79EFBC}") = "01.BoxOfT", "01.BoxOfT\01.BoxOfT.csproj", "{57F34C50-E161-4633-92D7-5EB178380342}"
EndProject
Project("{FAE04EC0-301F-11D3-BF4B-00C04F79EFBC}") = "02.ArrayCreator", "02.ArrayCreator\02.ArrayCreator.csproj", "{E2E7665E-EFD4-47A8-8FC1-4489B1CD2ADA}"
EndProject
Project("{FAE04EC0-301F-11D3-BF4B-00C04F79EFBC}") = "03.Scale", "03.Scale\03.Scale.csproj", "{8D04D544-92E2-4DA2-9C4C-FAEC913760F0}"
EndProject
Global
	GlobalSection(SolutionConfigurationPlatforms) = preSolution
		Debug|Any CPU = Debug|Any CPU
		Release|Any CPU = Release|Any CPU
	EndGlobalSection
	GlobalSection(ProjectConfigurationPlatforms) = postSolution
		{57F34C50-E161-4633-92D7-5EB178380342}.Debug|Any CPU.ActiveCfg = Debug|Any CPU
		{57F34C50-E161-4633-92D7-5EB178380342}.Debug|Any CPU.Build.0 = Debug|Any CPU
		{57F34C50-E161-4633-92D7-5EB178380342}.Release|Any CPU.ActiveCfg = Release|Any CPU
		{57F34C50-E161-4633-92D7-5EB178380342}.Release|Any CPU.Build.0 = Release|Any CPU
		{E2E7665E-EFD4-47A8-8FC1-4489B1CD2ADA}.Debug|Any CPU.ActiveCfg = Debug|Any CPU
		{E2E7665E-EFD4-47A8-8FC1-4489B1CD2ADA}.Debug|Any CPU.Build.0 = Debug|Any CPU
		{E2E7665E-EFD4-47A8-8FC1-4489B1CD2ADA}.Release|Any CPU.ActiveCfg = Release|Any CPU
		{E2E7665E-EFD4-47A8-8FC1-4489B1CD2ADA}.Release|Any CPU.Build.0 = Release|Any CPU
		{8D04D544-92E2-4DA2-9C4C-FAEC913760F0}.Debug|Any CPU.ActiveCfg = Debug|Any CPU
		{8D04D544-92E2-4DA2-9C4C-FAEC913760F0}.Debug|Any CPU.Build.0 = Debug|Any CPU
		{8D04D544-92E2-4DA2-9C4C-FAEC913760F0}.Release|Any CPU.ActiveCfg = Release|Any CPU
		{8D04D544-92E2-4DA2-9C4C-FAEC913760F0}.Release|Any CPU.Build.0 = Release|Any CPU
	EndGlobalSection
	GlobalSection(SolutionProperties) = preSolution
		HideSolutionNode = FALSE
	EndGlobalSection
	GlobalSection(ExtensibilityGlobals) = postSolution
		SolutionGuid = {804970E8-D764-4D16-9662-B24A4BC69B01}
	EndGlobalSection
EndGlobal
