
Microsoft Visual Studio Solution File, Format Version 12.00
# Visual Studio 15
VisualStudioVersion = 15.0.27004.2010
MinimumVisualStudioVersion = 10.0.40219.1
Project("{FAE04EC0-301F-11D3-BF4B-00C04F79EFBC}") = "01.Library", "01.Library\01.Library.csproj", "{550B2CE0-2D76-4D65-9DBB-C0453B53EA47}"
EndProject
Project("{FAE04EC0-301F-11D3-BF4B-00C04F79EFBC}") = "02.LibraryIterator", "02.LibraryIterator\02.LibraryIterator.csproj", "{416F6006-CAFB-4A6C-80D9-5EA729E90BA2}"
EndProject
Project("{FAE04EC0-301F-11D3-BF4B-00C04F79EFBC}") = "03.ComparableBook", "03.ComparableBook\03.ComparableBook.csproj", "{48BEA206-9691-439D-9E30-76A90B6A1147}"
EndProject
Project("{FAE04EC0-301F-11D3-BF4B-00C04F79EFBC}") = "04.BookComparer", "04.BookComparer\04.BookComparer.csproj", "{D28F8DD3-4DF5-43FF-8027-1AE1A4582D6E}"
EndProject
Global
	GlobalSection(SolutionConfigurationPlatforms) = preSolution
		Debug|Any CPU = Debug|Any CPU
		Release|Any CPU = Release|Any CPU
	EndGlobalSection
	GlobalSection(ProjectConfigurationPlatforms) = postSolution
		{550B2CE0-2D76-4D65-9DBB-C0453B53EA47}.Debug|Any CPU.ActiveCfg = Debug|Any CPU
		{550B2CE0-2D76-4D65-9DBB-C0453B53EA47}.Debug|Any CPU.Build.0 = Debug|Any CPU
		{550B2CE0-2D76-4D65-9DBB-C0453B53EA47}.Release|Any CPU.ActiveCfg = Release|Any CPU
		{550B2CE0-2D76-4D65-9DBB-C0453B53EA47}.Release|Any CPU.Build.0 = Release|Any CPU
		{416F6006-CAFB-4A6C-80D9-5EA729E90BA2}.Debug|Any CPU.ActiveCfg = Debug|Any CPU
		{416F6006-CAFB-4A6C-80D9-5EA729E90BA2}.Debug|Any CPU.Build.0 = Debug|Any CPU
		{416F6006-CAFB-4A6C-80D9-5EA729E90BA2}.Release|Any CPU.ActiveCfg = Release|Any CPU
		{416F6006-CAFB-4A6C-80D9-5EA729E90BA2}.Release|Any CPU.Build.0 = Release|Any CPU
		{48BEA206-9691-439D-9E30-76A90B6A1147}.Debug|Any CPU.ActiveCfg = Debug|Any CPU
		{48BEA206-9691-439D-9E30-76A90B6A1147}.Debug|Any CPU.Build.0 = Debug|Any CPU
		{48BEA206-9691-439D-9E30-76A90B6A1147}.Release|Any CPU.ActiveCfg = Release|Any CPU
		{48BEA206-9691-439D-9E30-76A90B6A1147}.Release|Any CPU.Build.0 = Release|Any CPU
		{D28F8DD3-4DF5-43FF-8027-1AE1A4582D6E}.Debug|Any CPU.ActiveCfg = Debug|Any CPU
		{D28F8DD3-4DF5-43FF-8027-1AE1A4582D6E}.Debug|Any CPU.Build.0 = Debug|Any CPU
		{D28F8DD3-4DF5-43FF-8027-1AE1A4582D6E}.Release|Any CPU.ActiveCfg = Release|Any CPU
		{D28F8DD3-4DF5-43FF-8027-1AE1A4582D6E}.Release|Any CPU.Build.0 = Release|Any CPU
	EndGlobalSection
	GlobalSection(SolutionProperties) = preSolution
		HideSolutionNode = FALSE
	EndGlobalSection
	GlobalSection(ExtensibilityGlobals) = postSolution
		SolutionGuid = {774C3434-EF50-4BD6-AC60-3BB7E4F52D65}
	EndGlobalSection
EndGlobal
