
Microsoft Visual Studio Solution File, Format Version 12.00
# Visual Studio 15
VisualStudioVersion = 15.0.27004.2010
MinimumVisualStudioVersion = 10.0.40219.1
Project("{FAE04EC0-301F-11D3-BF4B-00C04F79EFBC}") = "ExamSystemSplit10Jul2016", "ExamSystemSplit10Jul2016\ExamSystemSplit10Jul2016.csproj", "{B94ADF0F-3F04-4EE6-A37C-ADC487E49B7C}"
EndProject
Global
	GlobalSection(SolutionConfigurationPlatforms) = preSolution
		Debug|Any CPU = Debug|Any CPU
		Release|Any CPU = Release|Any CPU
	EndGlobalSection
	GlobalSection(ProjectConfigurationPlatforms) = postSolution
		{B94ADF0F-3F04-4EE6-A37C-ADC487E49B7C}.Debug|Any CPU.ActiveCfg = Debug|Any CPU
		{B94ADF0F-3F04-4EE6-A37C-ADC487E49B7C}.Debug|Any CPU.Build.0 = Debug|Any CPU
		{B94ADF0F-3F04-4EE6-A37C-ADC487E49B7C}.Release|Any CPU.ActiveCfg = Release|Any CPU
		{B94ADF0F-3F04-4EE6-A37C-ADC487E49B7C}.Release|Any CPU.Build.0 = Release|Any CPU
	EndGlobalSection
	GlobalSection(SolutionProperties) = preSolution
		HideSolutionNode = FALSE
	EndGlobalSection
	GlobalSection(ExtensibilityGlobals) = postSolution
		SolutionGuid = {F9CC35BE-9FF8-4F06-B0C7-CBE7E6F58A3F}
	EndGlobalSection
EndGlobal
