
Microsoft Visual Studio Solution File, Format Version 12.00
# Visual Studio 15
VisualStudioVersion = 15.0.27004.2010
MinimumVisualStudioVersion = 10.0.40219.1
Project("{FAE04EC0-301F-11D3-BF4B-00C04F79EFBC}") = "Minedraft", "Mindraft_Structure_Skeleton\Minedraft.csproj", "{2B8E833A-8D75-44C5-A88A-9B4B9FE1C036}"
EndProject
Project("{FAE04EC0-301F-11D3-BF4B-00C04F79EFBC}") = "Minedraft.Tests", "Minedraft.Tests\Minedraft.Tests.csproj", "{FE10794C-DEB3-41EB-AB74-8D8D57AEA35C}"
EndProject
Global
	GlobalSection(SolutionConfigurationPlatforms) = preSolution
		Debug|Any CPU = Debug|Any CPU
		Release|Any CPU = Release|Any CPU
	EndGlobalSection
	GlobalSection(ProjectConfigurationPlatforms) = postSolution
		{2B8E833A-8D75-44C5-A88A-9B4B9FE1C036}.Debug|Any CPU.ActiveCfg = Debug|Any CPU
		{2B8E833A-8D75-44C5-A88A-9B4B9FE1C036}.Debug|Any CPU.Build.0 = Debug|Any CPU
		{2B8E833A-8D75-44C5-A88A-9B4B9FE1C036}.Release|Any CPU.ActiveCfg = Release|Any CPU
		{2B8E833A-8D75-44C5-A88A-9B4B9FE1C036}.Release|Any CPU.Build.0 = Release|Any CPU
		{FE10794C-DEB3-41EB-AB74-8D8D57AEA35C}.Debug|Any CPU.ActiveCfg = Debug|Any CPU
		{FE10794C-DEB3-41EB-AB74-8D8D57AEA35C}.Debug|Any CPU.Build.0 = Debug|Any CPU
		{FE10794C-DEB3-41EB-AB74-8D8D57AEA35C}.Release|Any CPU.ActiveCfg = Release|Any CPU
		{FE10794C-DEB3-41EB-AB74-8D8D57AEA35C}.Release|Any CPU.Build.0 = Release|Any CPU
	EndGlobalSection
	GlobalSection(SolutionProperties) = preSolution
		HideSolutionNode = FALSE
	EndGlobalSection
	GlobalSection(ExtensibilityGlobals) = postSolution
		SolutionGuid = {C6378D2C-E96E-422E-9A47-A4037DB85F19}
	EndGlobalSection
EndGlobal
