
Microsoft Visual Studio Solution File, Format Version 12.00
# Visual Studio 15
VisualStudioVersion = 15.0.27004.2010
MinimumVisualStudioVersion = 10.0.40219.1
Project("{9A19103F-16F7-4668-BE54-9A1E7A4F7556}") = "Forum.App", "Workshop\Forum.App.csproj", "{DFFE522A-E6DE-4A23-95BB-69F221B7372A}"
EndProject
Project("{9A19103F-16F7-4668-BE54-9A1E7A4F7556}") = "Forum.Models", "Forum.Models\Forum.Models.csproj", "{3D4CF857-9668-4B4C-A62B-196A49720850}"
EndProject
Project("{9A19103F-16F7-4668-BE54-9A1E7A4F7556}") = "Forum.Data", "Forum.Data\Forum.Data.csproj", "{7A46C7AF-7C5A-40F4-860C-163A4E6EE088}"
EndProject
Global
	GlobalSection(SolutionConfigurationPlatforms) = preSolution
		Debug|Any CPU = Debug|Any CPU
		Release|Any CPU = Release|Any CPU
	EndGlobalSection
	GlobalSection(ProjectConfigurationPlatforms) = postSolution
		{DFFE522A-E6DE-4A23-95BB-69F221B7372A}.Debug|Any CPU.ActiveCfg = Debug|Any CPU
		{DFFE522A-E6DE-4A23-95BB-69F221B7372A}.Debug|Any CPU.Build.0 = Debug|Any CPU
		{DFFE522A-E6DE-4A23-95BB-69F221B7372A}.Release|Any CPU.ActiveCfg = Release|Any CPU
		{DFFE522A-E6DE-4A23-95BB-69F221B7372A}.Release|Any CPU.Build.0 = Release|Any CPU
		{3D4CF857-9668-4B4C-A62B-196A49720850}.Debug|Any CPU.ActiveCfg = Debug|Any CPU
		{3D4CF857-9668-4B4C-A62B-196A49720850}.Debug|Any CPU.Build.0 = Debug|Any CPU
		{3D4CF857-9668-4B4C-A62B-196A49720850}.Release|Any CPU.ActiveCfg = Release|Any CPU
		{3D4CF857-9668-4B4C-A62B-196A49720850}.Release|Any CPU.Build.0 = Release|Any CPU
		{7A46C7AF-7C5A-40F4-860C-163A4E6EE088}.Debug|Any CPU.ActiveCfg = Debug|Any CPU
		{7A46C7AF-7C5A-40F4-860C-163A4E6EE088}.Debug|Any CPU.Build.0 = Debug|Any CPU
		{7A46C7AF-7C5A-40F4-860C-163A4E6EE088}.Release|Any CPU.ActiveCfg = Release|Any CPU
		{7A46C7AF-7C5A-40F4-860C-163A4E6EE088}.Release|Any CPU.Build.0 = Release|Any CPU
	EndGlobalSection
	GlobalSection(SolutionProperties) = preSolution
		HideSolutionNode = FALSE
	EndGlobalSection
	GlobalSection(ExtensibilityGlobals) = postSolution
		SolutionGuid = {FD8C6A7E-E549-4DB8-B329-F5A016457CA8}
	EndGlobalSection
EndGlobal
