
Microsoft Visual Studio Solution File, Format Version 12.00
# Visual Studio 15
VisualStudioVersion = 15.0.26430.14
MinimumVisualStudioVersion = 10.0.40219.1
Project("{FAE04EC0-301F-11D3-BF4B-00C04F79EFBC}") = "03.DependencyInversion", "03.DependencyInversion\03.DependencyInversion.csproj", "{27BEF7E9-2959-4685-9DFC-E548735A7284}"
EndProject
Project("{FAE04EC0-301F-11D3-BF4B-00C04F79EFBC}") = "01.EventImplementation", "01.EventImplementation\01.EventImplementation.csproj", "{24350BA3-F358-4506-8F8D-34EC86181ECC}"
EndProject
Project("{FAE04EC0-301F-11D3-BF4B-00C04F79EFBC}") = "02.KingsGambit", "02.KingsGambit\02.KingsGambit.csproj", "{F09E1A00-E7FD-4875-946B-86CD0B573F9F}"
EndProject
Project("{FAE04EC0-301F-11D3-BF4B-00C04F79EFBC}") = "04.WorkForce", "04.WorkForce\04.WorkForce.csproj", "{670B67E9-4B82-439E-B3D6-BFA9996907D2}"
EndProject
Project("{FAE04EC0-301F-11D3-BF4B-00C04F79EFBC}") = "05.KingsGambitExtended", "05.KingsGambitExtended\05.KingsGambitExtended.csproj", "{F4217A63-FAAD-4F70-91DE-4F1E8C434948}"
EndProject
Global
	GlobalSection(SolutionConfigurationPlatforms) = preSolution
		Debug|Any CPU = Debug|Any CPU
		Release|Any CPU = Release|Any CPU
	EndGlobalSection
	GlobalSection(ProjectConfigurationPlatforms) = postSolution
		{27BEF7E9-2959-4685-9DFC-E548735A7284}.Debug|Any CPU.ActiveCfg = Debug|Any CPU
		{27BEF7E9-2959-4685-9DFC-E548735A7284}.Debug|Any CPU.Build.0 = Debug|Any CPU
		{27BEF7E9-2959-4685-9DFC-E548735A7284}.Release|Any CPU.ActiveCfg = Release|Any CPU
		{27BEF7E9-2959-4685-9DFC-E548735A7284}.Release|Any CPU.Build.0 = Release|Any CPU
		{24350BA3-F358-4506-8F8D-34EC86181ECC}.Debug|Any CPU.ActiveCfg = Debug|Any CPU
		{24350BA3-F358-4506-8F8D-34EC86181ECC}.Debug|Any CPU.Build.0 = Debug|Any CPU
		{24350BA3-F358-4506-8F8D-34EC86181ECC}.Release|Any CPU.ActiveCfg = Release|Any CPU
		{24350BA3-F358-4506-8F8D-34EC86181ECC}.Release|Any CPU.Build.0 = Release|Any CPU
		{F09E1A00-E7FD-4875-946B-86CD0B573F9F}.Debug|Any CPU.ActiveCfg = Debug|Any CPU
		{F09E1A00-E7FD-4875-946B-86CD0B573F9F}.Debug|Any CPU.Build.0 = Debug|Any CPU
		{F09E1A00-E7FD-4875-946B-86CD0B573F9F}.Release|Any CPU.ActiveCfg = Release|Any CPU
		{F09E1A00-E7FD-4875-946B-86CD0B573F9F}.Release|Any CPU.Build.0 = Release|Any CPU
		{670B67E9-4B82-439E-B3D6-BFA9996907D2}.Debug|Any CPU.ActiveCfg = Debug|Any CPU
		{670B67E9-4B82-439E-B3D6-BFA9996907D2}.Debug|Any CPU.Build.0 = Debug|Any CPU
		{670B67E9-4B82-439E-B3D6-BFA9996907D2}.Release|Any CPU.ActiveCfg = Release|Any CPU
		{670B67E9-4B82-439E-B3D6-BFA9996907D2}.Release|Any CPU.Build.0 = Release|Any CPU
		{F4217A63-FAAD-4F70-91DE-4F1E8C434948}.Debug|Any CPU.ActiveCfg = Debug|Any CPU
		{F4217A63-FAAD-4F70-91DE-4F1E8C434948}.Debug|Any CPU.Build.0 = Debug|Any CPU
		{F4217A63-FAAD-4F70-91DE-4F1E8C434948}.Release|Any CPU.ActiveCfg = Release|Any CPU
		{F4217A63-FAAD-4F70-91DE-4F1E8C434948}.Release|Any CPU.Build.0 = Release|Any CPU
	EndGlobalSection
	GlobalSection(SolutionProperties) = preSolution
		HideSolutionNode = FALSE
	EndGlobalSection
EndGlobal
