
Microsoft Visual Studio Solution File, Format Version 12.00
# Visual Studio 15
VisualStudioVersion = 15.0.27004.2010
MinimumVisualStudioVersion = 10.0.40219.1
Project("{FAE04EC0-301F-11D3-BF4B-00C04F79EFBC}") = "01.RhombusOfStars", "01.RhombusOfStars\01.RhombusOfStars.csproj", "{B7C08A14-74FD-4521-A2AF-24C081503366}"
EndProject
Project("{FAE04EC0-301F-11D3-BF4B-00C04F79EFBC}") = "02.PointInRectangle", "02.PointInRectangle\02.PointInRectangle.csproj", "{3CB85A2F-955C-4372-92FB-0E8D7B6D32F3}"
EndProject
Project("{9A19103F-16F7-4668-BE54-9A1E7A4F7556}") = "P03_StudentSystem", "P03_StudentSystem\P03_StudentSystem.csproj", "{916F2F18-B7CA-4082-AF82-D285D99099C9}"
EndProject
Project("{FAE04EC0-301F-11D3-BF4B-00C04F79EFBC}") = "03.StudentSystem", "03.StudentSystem\03.StudentSystem.csproj", "{13026E35-EB36-4D79-8ED9-E8BA9A8F9629}"
EndProject
Project("{FAE04EC0-301F-11D3-BF4B-00C04F79EFBC}") = "04.HotelReservation", "04.HotelReservation\04.HotelReservation.csproj", "{7D708DA8-8C90-4074-B514-9C9DE90BFE59}"
EndProject
Global
	GlobalSection(SolutionConfigurationPlatforms) = preSolution
		Debug|Any CPU = Debug|Any CPU
		Release|Any CPU = Release|Any CPU
	EndGlobalSection
	GlobalSection(ProjectConfigurationPlatforms) = postSolution
		{B7C08A14-74FD-4521-A2AF-24C081503366}.Debug|Any CPU.ActiveCfg = Debug|Any CPU
		{B7C08A14-74FD-4521-A2AF-24C081503366}.Debug|Any CPU.Build.0 = Debug|Any CPU
		{B7C08A14-74FD-4521-A2AF-24C081503366}.Release|Any CPU.ActiveCfg = Release|Any CPU
		{B7C08A14-74FD-4521-A2AF-24C081503366}.Release|Any CPU.Build.0 = Release|Any CPU
		{3CB85A2F-955C-4372-92FB-0E8D7B6D32F3}.Debug|Any CPU.ActiveCfg = Debug|Any CPU
		{3CB85A2F-955C-4372-92FB-0E8D7B6D32F3}.Debug|Any CPU.Build.0 = Debug|Any CPU
		{3CB85A2F-955C-4372-92FB-0E8D7B6D32F3}.Release|Any CPU.ActiveCfg = Release|Any CPU
		{3CB85A2F-955C-4372-92FB-0E8D7B6D32F3}.Release|Any CPU.Build.0 = Release|Any CPU
		{916F2F18-B7CA-4082-AF82-D285D99099C9}.Debug|Any CPU.ActiveCfg = Debug|Any CPU
		{916F2F18-B7CA-4082-AF82-D285D99099C9}.Debug|Any CPU.Build.0 = Debug|Any CPU
		{916F2F18-B7CA-4082-AF82-D285D99099C9}.Release|Any CPU.ActiveCfg = Release|Any CPU
		{916F2F18-B7CA-4082-AF82-D285D99099C9}.Release|Any CPU.Build.0 = Release|Any CPU
		{13026E35-EB36-4D79-8ED9-E8BA9A8F9629}.Debug|Any CPU.ActiveCfg = Debug|Any CPU
		{13026E35-EB36-4D79-8ED9-E8BA9A8F9629}.Debug|Any CPU.Build.0 = Debug|Any CPU
		{13026E35-EB36-4D79-8ED9-E8BA9A8F9629}.Release|Any CPU.ActiveCfg = Release|Any CPU
		{13026E35-EB36-4D79-8ED9-E8BA9A8F9629}.Release|Any CPU.Build.0 = Release|Any CPU
		{7D708DA8-8C90-4074-B514-9C9DE90BFE59}.Debug|Any CPU.ActiveCfg = Debug|Any CPU
		{7D708DA8-8C90-4074-B514-9C9DE90BFE59}.Debug|Any CPU.Build.0 = Debug|Any CPU
		{7D708DA8-8C90-4074-B514-9C9DE90BFE59}.Release|Any CPU.ActiveCfg = Release|Any CPU
		{7D708DA8-8C90-4074-B514-9C9DE90BFE59}.Release|Any CPU.Build.0 = Release|Any CPU
	EndGlobalSection
	GlobalSection(SolutionProperties) = preSolution
		HideSolutionNode = FALSE
	EndGlobalSection
	GlobalSection(ExtensibilityGlobals) = postSolution
		SolutionGuid = {E16A0A93-C1DF-44F1-AD23-3C5DF5F5A945}
	EndGlobalSection
EndGlobal
