
Microsoft Visual Studio Solution File, Format Version 12.00
# Visual Studio 15
VisualStudioVersion = 15.0.27130.2024
MinimumVisualStudioVersion = 10.0.40219.1
Project("{9A19103F-16F7-4668-BE54-9A1E7A4F7556}") = "BashSoft", "BashSoft\BashSoft.csproj", "{32C48E68-F3DC-4184-BBCD-2C6EB4F8C8CA}"
EndProject
Global
	GlobalSection(SolutionConfigurationPlatforms) = preSolution
		Debug|Any CPU = Debug|Any CPU
		Release|Any CPU = Release|Any CPU
	EndGlobalSection
	GlobalSection(ProjectConfigurationPlatforms) = postSolution
		{32C48E68-F3DC-4184-BBCD-2C6EB4F8C8CA}.Debug|Any CPU.ActiveCfg = Debug|Any CPU
		{32C48E68-F3DC-4184-BBCD-2C6EB4F8C8CA}.Debug|Any CPU.Build.0 = Debug|Any CPU
		{32C48E68-F3DC-4184-BBCD-2C6EB4F8C8CA}.Release|Any CPU.ActiveCfg = Release|Any CPU
		{32C48E68-F3DC-4184-BBCD-2C6EB4F8C8CA}.Release|Any CPU.Build.0 = Release|Any CPU
	EndGlobalSection
	GlobalSection(SolutionProperties) = preSolution
		HideSolutionNode = FALSE
	EndGlobalSection
	GlobalSection(ExtensibilityGlobals) = postSolution
		SolutionGuid = {EECDF0DB-6E33-4B5C-B34D-2C04D1045012}
	EndGlobalSection
EndGlobal
